
Microsoft Visual Studio Solution File, Format Version 12.00
# Visual Studio 15
VisualStudioVersion = 15.0.28307.489
MinimumVisualStudioVersion = 10.0.40219.1
Project("{FAE04EC0-301F-11D3-BF4B-00C04F79EFBC}") = "PracticaClase4", "PracticaClase4\PracticaClase4.csproj", "{CFEA3CED-64BC-4960-BFA7-51D1C7271C49}"
EndProject
Project("{FAE04EC0-301F-11D3-BF4B-00C04F79EFBC}") = "Logica", "Logica\Logica.csproj", "{6228767D-3CF1-4EEF-BA44-FEA905D113D0}"
EndProject
Global
	GlobalSection(SolutionConfigurationPlatforms) = preSolution
		Debug|Any CPU = Debug|Any CPU
		Release|Any CPU = Release|Any CPU
	EndGlobalSection
	GlobalSection(ProjectConfigurationPlatforms) = postSolution
		{CFEA3CED-64BC-4960-BFA7-51D1C7271C49}.Debug|Any CPU.ActiveCfg = Debug|Any CPU
		{CFEA3CED-64BC-4960-BFA7-51D1C7271C49}.Debug|Any CPU.Build.0 = Debug|Any CPU
		{CFEA3CED-64BC-4960-BFA7-51D1C7271C49}.Release|Any CPU.ActiveCfg = Release|Any CPU
		{CFEA3CED-64BC-4960-BFA7-51D1C7271C49}.Release|Any CPU.Build.0 = Release|Any CPU
		{6228767D-3CF1-4EEF-BA44-FEA905D113D0}.Debug|Any CPU.ActiveCfg = Debug|Any CPU
		{6228767D-3CF1-4EEF-BA44-FEA905D113D0}.Debug|Any CPU.Build.0 = Debug|Any CPU
		{6228767D-3CF1-4EEF-BA44-FEA905D113D0}.Release|Any CPU.ActiveCfg = Release|Any CPU
		{6228767D-3CF1-4EEF-BA44-FEA905D113D0}.Release|Any CPU.Build.0 = Release|Any CPU
	EndGlobalSection
	GlobalSection(SolutionProperties) = preSolution
		HideSolutionNode = FALSE
	EndGlobalSection
	GlobalSection(ExtensibilityGlobals) = postSolution
		SolutionGuid = {75AB9599-BEEA-4CDA-968F-20AAC5EDF17D}
	EndGlobalSection
EndGlobal
